
Microsoft Visual Studio Solution File, Format Version 12.00
Project("{FAE04EC0-301F-11D3-BF4B-00C04F79EFBC}") = "Bdziam.ExternalDependencyResolver", "Bdziam.ExternalDependencyResolver\Bdziam.ExternalDependencyResolver.csproj", "{4842F2E9-5CDD-45C7-AC73-F68B338680FC}"
EndProject
Project("{FAE04EC0-301F-11D3-BF4B-00C04F79EFBC}") = "Bdziam.ExternalDependencyResolver.Tests", "Bdziam.ExternalDependencyResolver.Tests\Bdziam.ExternalDependencyResolver.Tests.csproj", "{92DBA35C-5CA7-41A3-8519-A79B34DFF2A9}"
EndProject
Global
	GlobalSection(SolutionConfigurationPlatforms) = preSolution
		Debug|Any CPU = Debug|Any CPU
		Release|Any CPU = Release|Any CPU
	EndGlobalSection
	GlobalSection(ProjectConfigurationPlatforms) = postSolution
		{4842F2E9-5CDD-45C7-AC73-F68B338680FC}.Debug|Any CPU.ActiveCfg = Debug|Any CPU
		{4842F2E9-5CDD-45C7-AC73-F68B338680FC}.Debug|Any CPU.Build.0 = Debug|Any CPU
		{4842F2E9-5CDD-45C7-AC73-F68B338680FC}.Release|Any CPU.ActiveCfg = Release|Any CPU
		{4842F2E9-5CDD-45C7-AC73-F68B338680FC}.Release|Any CPU.Build.0 = Release|Any CPU
		{92DBA35C-5CA7-41A3-8519-A79B34DFF2A9}.Debug|Any CPU.ActiveCfg = Debug|Any CPU
		{92DBA35C-5CA7-41A3-8519-A79B34DFF2A9}.Debug|Any CPU.Build.0 = Debug|Any CPU
		{92DBA35C-5CA7-41A3-8519-A79B34DFF2A9}.Release|Any CPU.ActiveCfg = Release|Any CPU
		{92DBA35C-5CA7-41A3-8519-A79B34DFF2A9}.Release|Any CPU.Build.0 = Release|Any CPU
	EndGlobalSection
EndGlobal
